
Microsoft Visual Studio Solution File, Format Version 12.00
# Visual Studio Version 17
VisualStudioVersion = 17.6.33723.286
MinimumVisualStudioVersion = 10.0.40219.1
Project("{9A19103F-16F7-4668-BE54-9A1E7A4F7556}") = "UkgReady.Api", "source/UkgReady.Api.csproj", "{DEBB376F-1990-477A-8DB6-32E3C18AD649}"
EndProject
Global
	GlobalSection(SolutionConfigurationPlatforms) = preSolution
		Debug|Any CPU = Debug|Any CPU
		Release|Any CPU = Release|Any CPU
	EndGlobalSection
	GlobalSection(ProjectConfigurationPlatforms) = postSolution
		{DEBB376F-1990-477A-8DB6-32E3C18AD649}.Debug|Any CPU.ActiveCfg = Debug|Any CPU
		{DEBB376F-1990-477A-8DB6-32E3C18AD649}.Debug|Any CPU.Build.0 = Debug|Any CPU
		{DEBB376F-1990-477A-8DB6-32E3C18AD649}.Release|Any CPU.ActiveCfg = Release|Any CPU
		{DEBB376F-1990-477A-8DB6-32E3C18AD649}.Release|Any CPU.Build.0 = Release|Any CPU
	EndGlobalSection
	GlobalSection(SolutionProperties) = preSolution
		HideSolutionNode = FALSE
	EndGlobalSection
	GlobalSection(ExtensibilityGlobals) = postSolution
		SolutionGuid = {1829EC45-B0AB-4452-9498-F88CB6224353}
	EndGlobalSection
EndGlobal
